{
    "_meta": {
        "hash": {
            "sha256": "15e50733c69539d716cda67a1f4389c62a68820b73853ab96c986500c50c1024"
        },
        "pipfile-spec": 6,
        "requires": {
            "python_version": "3.11"
        },
        "sources": [
            {
                "name": "pypi",
                "url": "https://pypi.org/simple",
                "verify_ssl": true
            }
        ]
    },
    "default": {
        "nographs": {
            "hashes": [
                "sha256:5699b39d524a06ff3107e4b2c2a74d8467597cdebc22a38a787187b1182a6da7",
                "sha256:9ac936fd464cc0cfbacdd15e3564360897b40caf0663d8a64860d6fb2b0f02ac"
            ],
            "index": "pypi",
            "version": "==3.0.1"
        }
    },
    "develop": {}
}
